Microsoft Visual Studio Solution File, Format Version 11.00
# Visual Studio 2008

Project("{0E4A630E-8EF0-B8F8-ED61-FCF677F4F4BF}") = "SDrunner", "Assembly-CSharp.csproj", "{C950A691-B642-9D47-8880-0317AC463FA8}"
EndProject
Global
	GlobalSection(SolutionConfigurationPlatforms) = preSolution
		Debug|Any CPU = Debug|Any CPU
		Release|Any CPU = Release|Any CPU
	EndGlobalSection
	GlobalSection(ProjectConfigurationPlatforms) = postSolution
		{C950A691-B642-9D47-8880-0317AC463FA8}.Debug|Any CPU.ActiveCfg = Debug|Any CPU
		{C950A691-B642-9D47-8880-0317AC463FA8}.Debug|Any CPU.Build.0 = Debug|Any CPU
		{C950A691-B642-9D47-8880-0317AC463FA8}.Release|Any CPU.ActiveCfg = Release|Any CPU
		{C950A691-B642-9D47-8880-0317AC463FA8}.Release|Any CPU.Build.0 = Release|Any CPU
	EndGlobalSection
	GlobalSection(SolutionProperties) = preSolution
		HideSolutionNode = FALSE
	EndGlobalSection
	GlobalSection(MonoDevelopProperties) = preSolution
		StartupItem = Assembly-CSharp.csproj
	EndGlobalSection
EndGlobal
